{
  "requires": true,
  "lockfileVersion": 1,
  "dependencies": {
    "@irando/summernote-highlighter": {
      "version": "1.0.0",
      "resolved": "https://registry.npmjs.org/@irando/summernote-highlighter/-/summernote-highlighter-1.0.0.tgz",
      "integrity": "sha512-75sln0YDiqfuQlxeoQcA1gW557K0+SQaAGB2hZ6+vkrqt8603UiN/r5LUlMQ7088RlZbuVxBtJFk+t7I3mtkoA=="
    }
  }
}
